
Microsoft Visual Studio Solution File, Format Version 12.00
# Visual Studio Version 17
VisualStudioVersion = 17.11.35312.102
MinimumVisualStudioVersion = 10.0.40219.1
Project("{888888A0-9F3D-457C-B088-3A5042F75D52}") = "Replicates Itself VIRUS", "Replicates Itself VIRUS\Replicates Itself VIRUS.pyproj", "{D300DF4A-E7EB-4B1F-8225-F1BFAAC49973}"
EndProject
Global
	GlobalSection(SolutionConfigurationPlatforms) = preSolution
		Debug|Any CPU = Debug|Any CPU
		Release|Any CPU = Release|Any CPU
	EndGlobalSection
	GlobalSection(ProjectConfigurationPlatforms) = postSolution
		{D300DF4A-E7EB-4B1F-8225-F1BFAAC49973}.Debug|Any CPU.ActiveCfg = Debug|Any CPU
		{D300DF4A-E7EB-4B1F-8225-F1BFAAC49973}.Release|Any CPU.ActiveCfg = Release|Any CPU
	EndGlobalSection
	GlobalSection(SolutionProperties) = preSolution
		HideSolutionNode = FALSE
	EndGlobalSection
	GlobalSection(ExtensibilityGlobals) = postSolution
		SolutionGuid = {D05851C8-DBC7-42F5-8730-09B6A20767F7}
	EndGlobalSection
EndGlobal
